
Microsoft Visual Studio Solution File, Format Version 12.00
# Visual Studio Version 17
VisualStudioVersion = 17.7.34221.43
MinimumVisualStudioVersion = 10.0.40219.1
Project("{FAE04EC0-301F-11D3-BF4B-00C04F79EFBC}") = "arackiralamasistemi", "arackiralamasistemi\arackiralamasistemi.csproj", "{20C66718-9457-45D9-A66F-8BE34895A30B}"
EndProject
Global
	GlobalSection(SolutionConfigurationPlatforms) = preSolution
		Debug|Any CPU = Debug|Any CPU
		Release|Any CPU = Release|Any CPU
	EndGlobalSection
	GlobalSection(ProjectConfigurationPlatforms) = postSolution
		{20C66718-9457-45D9-A66F-8BE34895A30B}.Debug|Any CPU.ActiveCfg = Debug|Any CPU
		{20C66718-9457-45D9-A66F-8BE34895A30B}.Debug|Any CPU.Build.0 = Debug|Any CPU
		{20C66718-9457-45D9-A66F-8BE34895A30B}.Release|Any CPU.ActiveCfg = Release|Any CPU
		{20C66718-9457-45D9-A66F-8BE34895A30B}.Release|Any CPU.Build.0 = Release|Any CPU
	EndGlobalSection
	GlobalSection(SolutionProperties) = preSolution
		HideSolutionNode = FALSE
	EndGlobalSection
	GlobalSection(ExtensibilityGlobals) = postSolution
		SolutionGuid = {2E2A488F-99B2-4956-9846-9CAED7422DDC}
	EndGlobalSection
EndGlobal
